
Microsoft Visual Studio Solution File, Format Version 12.00
# Visual Studio Version 16
VisualStudioVersion = 16.0.30503.244
MinimumVisualStudioVersion = 10.0.40219.1
Project("{FAE04EC0-301F-11D3-BF4B-00C04F79EFBC}") = "Lexical", "Lexical\Lexical.csproj", "{0FB9E18D-28FF-438E-8758-C0D6F95FA1E9}"
EndProject
Project("{FAE04EC0-301F-11D3-BF4B-00C04F79EFBC}") = "LexicalGui", "LexicalGui\LexicalGui.csproj", "{F65589FD-808B-4445-A88F-9FD69A63999B}"
EndProject
Global
	GlobalSection(SolutionConfigurationPlatforms) = preSolution
		Debug|Any CPU = Debug|Any CPU
		Release|Any CPU = Release|Any CPU
	EndGlobalSection
	GlobalSection(ProjectConfigurationPlatforms) = postSolution
		{0FB9E18D-28FF-438E-8758-C0D6F95FA1E9}.Debug|Any CPU.ActiveCfg = Debug|Any CPU
		{0FB9E18D-28FF-438E-8758-C0D6F95FA1E9}.Debug|Any CPU.Build.0 = Debug|Any CPU
		{0FB9E18D-28FF-438E-8758-C0D6F95FA1E9}.Release|Any CPU.ActiveCfg = Release|Any CPU
		{0FB9E18D-28FF-438E-8758-C0D6F95FA1E9}.Release|Any CPU.Build.0 = Release|Any CPU
		{F65589FD-808B-4445-A88F-9FD69A63999B}.Debug|Any CPU.ActiveCfg = Debug|Any CPU
		{F65589FD-808B-4445-A88F-9FD69A63999B}.Debug|Any CPU.Build.0 = Debug|Any CPU
		{F65589FD-808B-4445-A88F-9FD69A63999B}.Release|Any CPU.ActiveCfg = Release|Any CPU
		{F65589FD-808B-4445-A88F-9FD69A63999B}.Release|Any CPU.Build.0 = Release|Any CPU
	EndGlobalSection
	GlobalSection(SolutionProperties) = preSolution
		HideSolutionNode = FALSE
	EndGlobalSection
	GlobalSection(ExtensibilityGlobals) = postSolution
		SolutionGuid = {B2CAA137-ECD3-4D7C-895F-F4D9EDE75346}
	EndGlobalSection
EndGlobal
